
Microsoft Visual Studio Solution File, Format Version 12.00
# Visual Studio Version 16
VisualStudioVersion = 16.0.29924.181
MinimumVisualStudioVersion = 10.0.40219.1
Project("{FAE04EC0-301F-11D3-BF4B-00C04F79EFBC}") = "Stateless.Web", "src\Stateless.Web\Stateless.Web\Stateless.Web.csproj", "{BFC595D3-B5E4-4474-8390-0CAA34DD7441}"
EndProject
Global
	GlobalSection(SolutionConfigurationPlatforms) = preSolution
		Debug|Any CPU = Debug|Any CPU
		Release|Any CPU = Release|Any CPU
	EndGlobalSection
	GlobalSection(ProjectConfigurationPlatforms) = postSolution
		{BFC595D3-B5E4-4474-8390-0CAA34DD7441}.Debug|Any CPU.ActiveCfg = Debug|Any CPU
		{BFC595D3-B5E4-4474-8390-0CAA34DD7441}.Debug|Any CPU.Build.0 = Debug|Any CPU
		{BFC595D3-B5E4-4474-8390-0CAA34DD7441}.Release|Any CPU.ActiveCfg = Release|Any CPU
		{BFC595D3-B5E4-4474-8390-0CAA34DD7441}.Release|Any CPU.Build.0 = Release|Any CPU
	EndGlobalSection
	GlobalSection(SolutionProperties) = preSolution
		HideSolutionNode = FALSE
	EndGlobalSection
	GlobalSection(ExtensibilityGlobals) = postSolution
		SolutionGuid = {B3F04A01-4720-4805-8957-6C749E5595CD}
	EndGlobalSection
EndGlobal
